// !$*UTF8*$!
{
	archiveVersion = 1;
	classes = {
	};
	objectVersion = 46;
	objects = {

/* Begin PBXBuildFile section */
		D6010A3E1CB81B6900A3B426 /* cm_imgui_app.cpp in Sources */ = {isa = PBXBuildFile; fileRef = D6010A0F1CB81B6900A3B426 /* cm_imgui_app.cpp */; };
		D6010A3F1CB81B6900A3B426 /* libglfw3.a in Frameworks */ = {isa = PBXBuildFile; fileRef = D6010A181CB81B6900A3B426 /* libglfw3.a */; };
		D6010A401CB81B6900A3B426 /* libglfw3.a in Frameworks */ = {isa = PBXBuildFile; fileRef = D6010A1A1CB81B6900A3B426 /* libglfw3.a */; };
		D6010A411CB81B6900A3B426 /* imgui.cpp in Sources */ = {isa = PBXBuildFile; fileRef = D6010A1C1CB81B6900A3B426 /* imgui.cpp */; };
		D6010A421CB81B6900A3B426 /* cm_params.cpp in Sources */ = {isa = PBXBuildFile; fileRef = D6010A231CB81B6900A3B426 /* cm_params.cpp */; };
		D6010A431CB81B6900A3B426 /* tinyxml2.cpp in Sources */ = {isa = PBXBuildFile; fileRef = D6010A261CB81B6900A3B426 /* tinyxml2.cpp */; };
		D6010A441CB81B6900A3B426 /* cm_epsfile.cpp in Sources */ = {isa = PBXBuildFile; fileRef = D6010A2D1CB81B6900A3B426 /* cm_epsfile.cpp */; };
		D6010A451CB81B6900A3B426 /* cm_geom.cpp in Sources */ = {isa = PBXBuildFile; fileRef = D6010A2F1CB81B6900A3B426 /* cm_geom.cpp */; };
		D6010A461CB81B6900A3B426 /* cm_gfx.cpp in Sources */ = {isa = PBXBuildFile; fileRef = D6010A311CB81B6900A3B426 /* cm_gfx.cpp */; };
		D6010A471CB81B6900A3B426 /* cm_math.cpp in Sources */ = {isa = PBXBuildFile; fileRef = D6010A331CB81B6900A3B426 /* cm_math.cpp */; };
		D6010A481CB81B6900A3B426 /* cm_utils.cpp in Sources */ = {isa = PBXBuildFile; fileRef = D6010A351CB81B6900A3B426 /* cm_utils.cpp */; };
		D6010A4A1CB81B6900A3B426 /* cm_utils_osx.mm in Sources */ = {isa = PBXBuildFile; fileRef = D6010A3C1CB81B6900A3B426 /* cm_utils_osx.mm */; };
		D6010A4F1CB81BD500A3B426 /* IOKit.framework in Frameworks */ = {isa = PBXBuildFile; fileRef = D6010A4D1CB81BD500A3B426 /* IOKit.framework */; };
		D6010A501CB81BD500A3B426 /* CoreVideo.framework in Frameworks */ = {isa = PBXBuildFile; fileRef = D6010A4E1CB81BD500A3B426 /* CoreVideo.framework */; };
		D6010A581CB81BE200A3B426 /* GLUT.framework in Frameworks */ = {isa = PBXBuildFile; fileRef = D6010A511CB81BE200A3B426 /* GLUT.framework */; };
		D6010A591CB81BE200A3B426 /* OpenGL.framework in Frameworks */ = {isa = PBXBuildFile; fileRef = D6010A521CB81BE200A3B426 /* OpenGL.framework */; };
		D6010A5A1CB81BE200A3B426 /* Carbon.framework in Frameworks */ = {isa = PBXBuildFile; fileRef = D6010A531CB81BE200A3B426 /* Carbon.framework */; };
		D6010A5B1CB81BE200A3B426 /* Cocoa.framework in Frameworks */ = {isa = PBXBuildFile; fileRef = D6010A541CB81BE200A3B426 /* Cocoa.framework */; };
		D6010A5C1CB81BE200A3B426 /* AGL.framework in Frameworks */ = {isa = PBXBuildFile; fileRef = D6010A551CB81BE200A3B426 /* AGL.framework */; };
		D6010A5D1CB81BE200A3B426 /* AppKit.framework in Frameworks */ = {isa = PBXBuildFile; fileRef = D6010A561CB81BE200A3B426 /* AppKit.framework */; };
		D6010A5E1CB81BE200A3B426 /* QTKit.framework in Frameworks */ = {isa = PBXBuildFile; fileRef = D6010A571CB81BE200A3B426 /* QTKit.framework */; };
		D6010A621CB81FA000A3B426 /* clipper.cpp in Sources */ = {isa = PBXBuildFile; fileRef = D6010A601CB81FA000A3B426 /* clipper.cpp */; };
		D6218AA81D140D0B00481B0F /* gfx_ui.cpp in Sources */ = {isa = PBXBuildFile; fileRef = D6218AA31D140D0B00481B0F /* gfx_ui.cpp */; };
		D6218AA91D140D0B00481B0F /* imgui_demo.cpp in Sources */ = {isa = PBXBuildFile; fileRef = D6218AA51D140D0B00481B0F /* imgui_demo.cpp */; };
		D6218AAA1D140D0B00481B0F /* imgui_draw.cpp in Sources */ = {isa = PBXBuildFile; fileRef = D6218AA61D140D0B00481B0F /* imgui_draw.cpp */; };
		D622391D1CB9681D0029BA45 /* main.cpp in Sources */ = {isa = PBXBuildFile; fileRef = D622391C1CB9681D0029BA45 /* main.cpp */; };
		D62239211CB968F50029BA45 /* cm_imgui.cpp in Sources */ = {isa = PBXBuildFile; fileRef = D622391F1CB968F50029BA45 /* cm_imgui.cpp */; };
/* End PBXBuildFile section */

/* Begin PBXCopyFilesBuildPhase section */
		D60109FC1CB81B2100A3B426 /* CopyFiles */ = {
			isa = PBXCopyFilesBuildPhase;
			buildActionMask = 2147483647;
			dstPath = /usr/share/man/man1/;
			dstSubfolderSpec = 0;
			files = (
			);
			runOnlyForDeploymentPostprocessing = 1;
		};
/* End PBXCopyFilesBuildPhase section */

/* Begin PBXFileReference section */
		D60109FE1CB81B2100A3B426 /* basic */ = {isa = PBXFileReference; explicitFileType = "compiled.mach-o.executable"; includeInIndex = 0; path = basic; sourceTree = BUILT_PRODUCTS_DIR; };
		D6010A081CB81B4B00A3B426 /* app.h */ = {isa = PBXFileReference; fileEncoding = 4; lastKnownFileType = sourcecode.c.h; path = app.h; sourceTree = "<group>"; };
		D6010A0F1CB81B6900A3B426 /* cm_imgui_app.cpp */ = {isa = PBXFileReference; fileEncoding = 4; lastKnownFileType = sourcecode.cpp.cpp; name = cm_imgui_app.cpp; path = ../../../addons/cmx_imgui_app/src/cm_imgui_app.cpp; sourceTree = "<group>"; };
		D6010A101CB81B6900A3B426 /* cm_imgui_app.h */ = {isa = PBXFileReference; fileEncoding = 4; lastKnownFileType = sourcecode.c.h; path = cm_imgui_app.h; sourceTree = "<group>"; };
		D6010A141CB81B6900A3B426 /* glfw3.h */ = {isa = PBXFileReference; fileEncoding = 4; lastKnownFileType = sourcecode.c.h; path = glfw3.h; sourceTree = "<group>"; };
		D6010A151CB81B6900A3B426 /* glfw3native.h */ = {isa = PBXFileReference; fileEncoding = 4; lastKnownFileType = sourcecode.c.h; path = glfw3native.h; sourceTree = "<group>"; };
		D6010A181CB81B6900A3B426 /* libglfw3.a */ = {isa = PBXFileReference; lastKnownFileType = archive.ar; path = libglfw3.a; sourceTree = "<group>"; };
		D6010A1A1CB81B6900A3B426 /* libglfw3.a */ = {isa = PBXFileReference; lastKnownFileType = archive.ar; path = libglfw3.a; sourceTree = "<group>"; };
		D6010A1B1CB81B6900A3B426 /* imconfig.h */ = {isa = PBXFileReference; fileEncoding = 4; lastKnownFileType = sourcecode.c.h; path = imconfig.h; sourceTree = "<group>"; };
		D6010A1C1CB81B6900A3B426 /* imgui.cpp */ = {isa = PBXFileReference; fileEncoding = 4; lastKnownFileType = sourcecode.cpp.cpp; path = imgui.cpp; sourceTree = "<group>"; };
		D6010A1D1CB81B6900A3B426 /* imgui.h */ = {isa = PBXFileReference; fileEncoding = 4; lastKnownFileType = sourcecode.c.h; path = imgui.h; sourceTree = "<group>"; };
		D6010A1E1CB81B6900A3B426 /* stb_rect_pack.h */ = {isa = PBXFileReference; fileEncoding = 4; lastKnownFileType = sourcecode.c.h; path = stb_rect_pack.h; sourceTree = "<group>"; };
		D6010A1F1CB81B6900A3B426 /* stb_textedit.h */ = {isa = PBXFileReference; fileEncoding = 4; lastKnownFileType = sourcecode.c.h; path = stb_textedit.h; sourceTree = "<group>"; };
		D6010A201CB81B6900A3B426 /* stb_truetype.h */ = {isa = PBXFileReference; fileEncoding = 4; lastKnownFileType = sourcecode.c.h; path = stb_truetype.h; sourceTree = "<group>"; };
		D6010A231CB81B6900A3B426 /* cm_params.cpp */ = {isa = PBXFileReference; fileEncoding = 4; lastKnownFileType = sourcecode.cpp.cpp; path = cm_params.cpp; sourceTree = "<group>"; };
		D6010A241CB81B6900A3B426 /* cm_params.h */ = {isa = PBXFileReference; fileEncoding = 4; lastKnownFileType = sourcecode.c.h; path = cm_params.h; sourceTree = "<group>"; };
		D6010A261CB81B6900A3B426 /* tinyxml2.cpp */ = {isa = PBXFileReference; fileEncoding = 4; lastKnownFileType = sourcecode.cpp.cpp; path = tinyxml2.cpp; sourceTree = "<group>"; };
		D6010A271CB81B6900A3B426 /* tinyxml2.h */ = {isa = PBXFileReference; fileEncoding = 4; lastKnownFileType = sourcecode.c.h; path = tinyxml2.h; sourceTree = "<group>"; };
		D6010A2B1CB81B6900A3B426 /* cm.h */ = {isa = PBXFileReference; fileEncoding = 4; lastKnownFileType = sourcecode.c.h; path = cm.h; sourceTree = "<group>"; };
		D6010A2C1CB81B6900A3B426 /* cm_app.h */ = {isa = PBXFileReference; fileEncoding = 4; lastKnownFileType = sourcecode.c.h; path = cm_app.h; sourceTree = "<group>"; };
		D6010A2D1CB81B6900A3B426 /* cm_epsfile.cpp */ = {isa = PBXFileReference; fileEncoding = 4; lastKnownFileType = sourcecode.cpp.cpp; path = cm_epsfile.cpp; sourceTree = "<group>"; };
		D6010A2E1CB81B6900A3B426 /* cm_epsfile.h */ = {isa = PBXFileReference; fileEncoding = 4; lastKnownFileType = sourcecode.c.h; path = cm_epsfile.h; sourceTree = "<group>"; };
		D6010A2F1CB81B6900A3B426 /* cm_geom.cpp */ = {isa = PBXFileReference; fileEncoding = 4; lastKnownFileType = sourcecode.cpp.cpp; path = cm_geom.cpp; sourceTree = "<group>"; };
		D6010A301CB81B6900A3B426 /* cm_geom.h */ = {isa = PBXFileReference; fileEncoding = 4; lastKnownFileType = sourcecode.c.h; path = cm_geom.h; sourceTree = "<group>"; };
		D6010A311CB81B6900A3B426 /* cm_gfx.cpp */ = {isa = PBXFileReference; fileEncoding = 4; lastKnownFileType = sourcecode.cpp.cpp; path = cm_gfx.cpp; sourceTree = "<group>"; };
		D6010A321CB81B6900A3B426 /* cm_gfx.h */ = {isa = PBXFileReference; fileEncoding = 4; lastKnownFileType = sourcecode.c.h; path = cm_gfx.h; sourceTree = "<group>"; };
		D6010A331CB81B6900A3B426 /* cm_math.cpp */ = {isa = PBXFileReference; fileEncoding = 4; lastKnownFileType = sourcecode.cpp.cpp; path = cm_math.cpp; sourceTree = "<group>"; };
		D6010A341CB81B6900A3B426 /* cm_math.h */ = {isa = PBXFileReference; fileEncoding = 4; lastKnownFileType = sourcecode.c.h; path = cm_math.h; sourceTree = "<group>"; };
		D6010A351CB81B6900A3B426 /* cm_utils.cpp */ = {isa = PBXFileReference; fileEncoding = 4; lastKnownFileType = sourcecode.cpp.cpp; path = cm_utils.cpp; sourceTree = "<group>"; };
		D6010A361CB81B6900A3B426 /* cm_utils.h */ = {isa = PBXFileReference; fileEncoding = 4; lastKnownFileType = sourcecode.c.h; path = cm_utils.h; sourceTree = "<group>"; };
		D6010A371CB81B6900A3B426 /* colormotor.h */ = {isa = PBXFileReference; fileEncoding = 4; lastKnownFileType = sourcecode.c.h; path = colormotor.h; sourceTree = "<group>"; };
		D6010A391CB81B6900A3B426 /* nanosvg.h */ = {isa = PBXFileReference; fileEncoding = 4; lastKnownFileType = sourcecode.c.h; path = nanosvg.h; sourceTree = "<group>"; };
		D6010A3C1CB81B6900A3B426 /* cm_utils_osx.mm */ = {isa = PBXFileReference; fileEncoding = 4; lastKnownFileType = sourcecode.cpp.objcpp; path = cm_utils_osx.mm; sourceTree = "<group>"; };
		D6010A4D1CB81BD500A3B426 /* IOKit.framework */ = {isa = PBXFileReference; lastKnownFileType = wrapper.framework; name = IOKit.framework; path = System/Library/Frameworks/IOKit.framework; sourceTree = SDKROOT; };
		D6010A4E1CB81BD500A3B426 /* CoreVideo.framework */ = {isa = PBXFileReference; lastKnownFileType = wrapper.framework; name = CoreVideo.framework; path = System/Library/Frameworks/CoreVideo.framework; sourceTree = SDKROOT; };
		D6010A511CB81BE200A3B426 /* GLUT.framework */ = {isa = PBXFileReference; lastKnownFileType = wrapper.framework; name = GLUT.framework; path = System/Library/Frameworks/GLUT.framework; sourceTree = SDKROOT; };
		D6010A521CB81BE200A3B426 /* OpenGL.framework */ = {isa = PBXFileReference; lastKnownFileType = wrapper.framework; name = OpenGL.framework; path = System/Library/Frameworks/OpenGL.framework; sourceTree = SDKROOT; };
		D6010A531CB81BE200A3B426 /* Carbon.framework */ = {isa = PBXFileReference; lastKnownFileType = wrapper.framework; name = Carbon.framework; path = System/Library/Frameworks/Carbon.framework; sourceTree = SDKROOT; };
		D6010A541CB81BE200A3B426 /* Cocoa.framework */ = {isa = PBXFileReference; lastKnownFileType = wrapper.framework; name = Cocoa.framework; path = System/Library/Frameworks/Cocoa.framework; sourceTree = SDKROOT; };
		D6010A551CB81BE200A3B426 /* AGL.framework */ = {isa = PBXFileReference; lastKnownFileType = wrapper.framework; name = AGL.framework; path = System/Library/Frameworks/AGL.framework; sourceTree = SDKROOT; };
		D6010A561CB81BE200A3B426 /* AppKit.framework */ = {isa = PBXFileReference; lastKnownFileType = wrapper.framework; name = AppKit.framework; path = System/Library/Frameworks/AppKit.framework; sourceTree = SDKROOT; };
		D6010A571CB81BE200A3B426 /* QTKit.framework */ = {isa = PBXFileReference; lastKnownFileType = wrapper.framework; name = QTKit.framework; path = System/Library/Frameworks/QTKit.framework; sourceTree = SDKROOT; };
		D6010A601CB81FA000A3B426 /* clipper.cpp */ = {isa = PBXFileReference; fileEncoding = 4; lastKnownFileType = sourcecode.cpp.cpp; path = clipper.cpp; sourceTree = "<group>"; };
		D6010A611CB81FA000A3B426 /* clipper.hpp */ = {isa = PBXFileReference; fileEncoding = 4; lastKnownFileType = sourcecode.cpp.h; path = clipper.hpp; sourceTree = "<group>"; };
		D6218AA21D140D0B00481B0F /* gfx_ui_config.h */ = {isa = PBXFileReference; fileEncoding = 4; lastKnownFileType = sourcecode.c.h; path = gfx_ui_config.h; sourceTree = "<group>"; };
		D6218AA31D140D0B00481B0F /* gfx_ui.cpp */ = {isa = PBXFileReference; fileEncoding = 4; lastKnownFileType = sourcecode.cpp.cpp; path = gfx_ui.cpp; sourceTree = "<group>"; };
		D6218AA41D140D0B00481B0F /* gfx_ui.h */ = {isa = PBXFileReference; fileEncoding = 4; lastKnownFileType = sourcecode.c.h; path = gfx_ui.h; sourceTree = "<group>"; };
		D6218AA51D140D0B00481B0F /* imgui_demo.cpp */ = {isa = PBXFileReference; fileEncoding = 4; lastKnownFileType = sourcecode.cpp.cpp; path = imgui_demo.cpp; sourceTree = "<group>"; };
		D6218AA61D140D0B00481B0F /* imgui_draw.cpp */ = {isa = PBXFileReference; fileEncoding = 4; lastKnownFileType = sourcecode.cpp.cpp; path = imgui_draw.cpp; sourceTree = "<group>"; };
		D6218AA71D140D0B00481B0F /* imgui_internal.h */ = {isa = PBXFileReference; fileEncoding = 4; lastKnownFileType = sourcecode.c.h; path = imgui_internal.h; sourceTree = "<group>"; };
		D622391C1CB9681D0029BA45 /* main.cpp */ = {isa = PBXFileReference; fileEncoding = 4; lastKnownFileType = sourcecode.cpp.cpp; path = main.cpp; sourceTree = "<group>"; };
		D622391F1CB968F50029BA45 /* cm_imgui.cpp */ = {isa = PBXFileReference; fileEncoding = 4; lastKnownFileType = sourcecode.cpp.cpp; path = cm_imgui.cpp; sourceTree = "<group>"; };
		D62239201CB968F50029BA45 /* cm_imgui.h */ = {isa = PBXFileReference; fileEncoding = 4; lastKnownFileType = sourcecode.c.h; path = cm_imgui.h; sourceTree = "<group>"; };
/* End PBXFileReference section */

/* Begin PBXFrameworksBuildPhase section */
		D60109FB1CB81B2100A3B426 /* Frameworks */ = {
			isa = PBXFrameworksBuildPhase;
			buildActionMask = 2147483647;
			files = (
				D6010A5B1CB81BE200A3B426 /* Cocoa.framework in Frameworks */,
				D6010A5A1CB81BE200A3B426 /* Carbon.framework in Frameworks */,
				D6010A3F1CB81B6900A3B426 /* libglfw3.a in Frameworks */,
				D6010A401CB81B6900A3B426 /* libglfw3.a in Frameworks */,
				D6010A4F1CB81BD500A3B426 /* IOKit.framework in Frameworks */,
				D6010A5C1CB81BE200A3B426 /* AGL.framework in Frameworks */,
				D6010A5E1CB81BE200A3B426 /* QTKit.framework in Frameworks */,
				D6010A581CB81BE200A3B426 /* GLUT.framework in Frameworks */,
				D6010A5D1CB81BE200A3B426 /* AppKit.framework in Frameworks */,
				D6010A501CB81BD500A3B426 /* CoreVideo.framework in Frameworks */,
				D6010A591CB81BE200A3B426 /* OpenGL.framework in Frameworks */,
			);
			runOnlyForDeploymentPostprocessing = 0;
		};
/* End PBXFrameworksBuildPhase section */

/* Begin PBXGroup section */
		D60109F51CB81B2100A3B426 = {
			isa = PBXGroup;
			children = (
				D622391E1CB968230029BA45 /* src */,
				D6010A4C1CB81BBE00A3B426 /* frameworks */,
				D6010A0B1CB81B6900A3B426 /* colormotor2 */,
				D60109FF1CB81B2100A3B426 /* Products */,
			);
			sourceTree = "<group>";
		};
		D60109FF1CB81B2100A3B426 /* Products */ = {
			isa = PBXGroup;
			children = (
				D60109FE1CB81B2100A3B426 /* basic */,
			);
			name = Products;
			sourceTree = "<group>";
		};
		D6010A0B1CB81B6900A3B426 /* colormotor2 */ = {
			isa = PBXGroup;
			children = (
				D6010A0C1CB81B6900A3B426 /* addons */,
				D6010A281CB81B6900A3B426 /* lib */,
				D6010A291CB81B6900A3B426 /* libs */,
				D6010A2A1CB81B6900A3B426 /* src */,
			);
			name = colormotor2;
			path = ../../..;
			sourceTree = "<group>";
		};
		D6010A0C1CB81B6900A3B426 /* addons */ = {
			isa = PBXGroup;
			children = (
				D6010A0D1CB81B6900A3B426 /* cmx_imgui_app */,
				D6010A211CB81B6900A3B426 /* cmx_params */,
			);
			path = addons;
			sourceTree = "<group>";
		};
		D6010A0D1CB81B6900A3B426 /* cmx_imgui_app */ = {
			isa = PBXGroup;
			children = (
				D6010A0E1CB81B6900A3B426 /* src */,
			);
			path = cmx_imgui_app;
			sourceTree = "<group>";
		};
		D6010A0E1CB81B6900A3B426 /* src */ = {
			isa = PBXGroup;
			children = (
				D6218AA21D140D0B00481B0F /* gfx_ui_config.h */,
				D6218AA31D140D0B00481B0F /* gfx_ui.cpp */,
				D6218AA41D140D0B00481B0F /* gfx_ui.h */,
				D6218AA51D140D0B00481B0F /* imgui_demo.cpp */,
				D6218AA61D140D0B00481B0F /* imgui_draw.cpp */,
				D6218AA71D140D0B00481B0F /* imgui_internal.h */,
				D6010A0F1CB81B6900A3B426 /* cm_imgui_app.cpp */,
				D6010A101CB81B6900A3B426 /* cm_imgui_app.h */,
				D6010A111CB81B6900A3B426 /* glfw3 */,
				D6010A1B1CB81B6900A3B426 /* imconfig.h */,
				D6010A1C1CB81B6900A3B426 /* imgui.cpp */,
				D6010A1D1CB81B6900A3B426 /* imgui.h */,
				D6010A1E1CB81B6900A3B426 /* stb_rect_pack.h */,
				D6010A1F1CB81B6900A3B426 /* stb_textedit.h */,
				D6010A201CB81B6900A3B426 /* stb_truetype.h */,
				D622391F1CB968F50029BA45 /* cm_imgui.cpp */,
				D62239201CB968F50029BA45 /* cm_imgui.h */,
			);
			path = src;
			sourceTree = "<group>";
		};
		D6010A111CB81B6900A3B426 /* glfw3 */ = {
			isa = PBXGroup;
			children = (
				D6010A121CB81B6900A3B426 /* include */,
				D6010A161CB81B6900A3B426 /* lib */,
			);
			path = glfw3;
			sourceTree = "<group>";
		};
		D6010A121CB81B6900A3B426 /* include */ = {
			isa = PBXGroup;
			children = (
				D6010A131CB81B6900A3B426 /* GLFW */,
			);
			path = include;
			sourceTree = "<group>";
		};
		D6010A131CB81B6900A3B426 /* GLFW */ = {
			isa = PBXGroup;
			children = (
				D6010A141CB81B6900A3B426 /* glfw3.h */,
				D6010A151CB81B6900A3B426 /* glfw3native.h */,
			);
			path = GLFW;
			sourceTree = "<group>";
		};
		D6010A161CB81B6900A3B426 /* lib */ = {
			isa = PBXGroup;
			children = (
				D6010A171CB81B6900A3B426 /* linux */,
				D6010A191CB81B6900A3B426 /* osx */,
			);
			path = lib;
			sourceTree = "<group>";
		};
		D6010A171CB81B6900A3B426 /* linux */ = {
			isa = PBXGroup;
			children = (
				D6010A181CB81B6900A3B426 /* libglfw3.a */,
			);
			path = linux;
			sourceTree = "<group>";
		};
		D6010A191CB81B6900A3B426 /* osx */ = {
			isa = PBXGroup;
			children = (
				D6010A1A1CB81B6900A3B426 /* libglfw3.a */,
			);
			path = osx;
			sourceTree = "<group>";
		};
		D6010A211CB81B6900A3B426 /* cmx_params */ = {
			isa = PBXGroup;
			children = (
				D6010A221CB81B6900A3B426 /* src */,
			);
			path = cmx_params;
			sourceTree = "<group>";
		};
		D6010A221CB81B6900A3B426 /* src */ = {
			isa = PBXGroup;
			children = (
				D6010A231CB81B6900A3B426 /* cm_params.cpp */,
				D6010A241CB81B6900A3B426 /* cm_params.h */,
				D6010A251CB81B6900A3B426 /* tinyxml2 */,
			);
			path = src;
			sourceTree = "<group>";
		};
		D6010A251CB81B6900A3B426 /* tinyxml2 */ = {
			isa = PBXGroup;
			children = (
				D6010A261CB81B6900A3B426 /* tinyxml2.cpp */,
				D6010A271CB81B6900A3B426 /* tinyxml2.h */,
			);
			path = tinyxml2;
			sourceTree = "<group>";
		};
		D6010A281CB81B6900A3B426 /* lib */ = {
			isa = PBXGroup;
			children = (
			);
			path = lib;
			sourceTree = "<group>";
		};
		D6010A291CB81B6900A3B426 /* libs */ = {
			isa = PBXGroup;
			children = (
			);
			path = libs;
			sourceTree = "<group>";
		};
		D6010A2A1CB81B6900A3B426 /* src */ = {
			isa = PBXGroup;
			children = (
				D6010A2B1CB81B6900A3B426 /* cm.h */,
				D6010A2C1CB81B6900A3B426 /* cm_app.h */,
				D6010A2D1CB81B6900A3B426 /* cm_epsfile.cpp */,
				D6010A2E1CB81B6900A3B426 /* cm_epsfile.h */,
				D6010A2F1CB81B6900A3B426 /* cm_geom.cpp */,
				D6010A301CB81B6900A3B426 /* cm_geom.h */,
				D6010A311CB81B6900A3B426 /* cm_gfx.cpp */,
				D6010A321CB81B6900A3B426 /* cm_gfx.h */,
				D6010A331CB81B6900A3B426 /* cm_math.cpp */,
				D6010A341CB81B6900A3B426 /* cm_math.h */,
				D6010A351CB81B6900A3B426 /* cm_utils.cpp */,
				D6010A361CB81B6900A3B426 /* cm_utils.h */,
				D6010A371CB81B6900A3B426 /* colormotor.h */,
				D6010A381CB81B6900A3B426 /* deps */,
				D6010A3A1CB81B6900A3B426 /* platform */,
			);
			path = src;
			sourceTree = "<group>";
		};
		D6010A381CB81B6900A3B426 /* deps */ = {
			isa = PBXGroup;
			children = (
				D6010A5F1CB81FA000A3B426 /* clipper */,
				D6010A391CB81B6900A3B426 /* nanosvg.h */,
			);
			path = deps;
			sourceTree = "<group>";
		};
		D6010A3A1CB81B6900A3B426 /* platform */ = {
			isa = PBXGroup;
			children = (
				D6010A3C1CB81B6900A3B426 /* cm_utils_osx.mm */,
			);
			path = platform;
			sourceTree = "<group>";
		};
		D6010A4C1CB81BBE00A3B426 /* frameworks */ = {
			isa = PBXGroup;
			children = (
				D6010A511CB81BE200A3B426 /* GLUT.framework */,
				D6010A521CB81BE200A3B426 /* OpenGL.framework */,
				D6010A531CB81BE200A3B426 /* Carbon.framework */,
				D6010A541CB81BE200A3B426 /* Cocoa.framework */,
				D6010A551CB81BE200A3B426 /* AGL.framework */,
				D6010A561CB81BE200A3B426 /* AppKit.framework */,
				D6010A571CB81BE200A3B426 /* QTKit.framework */,
				D6010A4D1CB81BD500A3B426 /* IOKit.framework */,
				D6010A4E1CB81BD500A3B426 /* CoreVideo.framework */,
			);
			name = frameworks;
			sourceTree = "<group>";
		};
		D6010A5F1CB81FA000A3B426 /* clipper */ = {
			isa = PBXGroup;
			children = (
				D6010A601CB81FA000A3B426 /* clipper.cpp */,
				D6010A611CB81FA000A3B426 /* clipper.hpp */,
			);
			path = clipper;
			sourceTree = "<group>";
		};
		D622391E1CB968230029BA45 /* src */ = {
			isa = PBXGroup;
			children = (
				D6010A081CB81B4B00A3B426 /* app.h */,
				D622391C1CB9681D0029BA45 /* main.cpp */,
			);
			name = src;
			sourceTree = "<group>";
		};
/* End PBXGroup section */

/* Begin PBXNativeTarget section */
		D60109FD1CB81B2100A3B426 /* basic */ = {
			isa = PBXNativeTarget;
			buildConfigurationList = D6010A051CB81B2100A3B426 /* Build configuration list for PBXNativeTarget "basic" */;
			buildPhases = (
				D60109FA1CB81B2100A3B426 /* Sources */,
				D60109FB1CB81B2100A3B426 /* Frameworks */,
				D60109FC1CB81B2100A3B426 /* CopyFiles */,
			);
			buildRules = (
			);
			dependencies = (
			);
			name = basic;
			productName = app;
			productReference = D60109FE1CB81B2100A3B426 /* basic */;
			productType = "com.apple.product-type.tool";
		};
/* End PBXNativeTarget section */

/* Begin PBXProject section */
		D60109F61CB81B2100A3B426 /* Project object */ = {
			isa = PBXProject;
			attributes = {
				LastUpgradeCheck = 0620;
				ORGANIZATIONNAME = "Daniel Berio";
				TargetAttributes = {
					D60109FD1CB81B2100A3B426 = {
						CreatedOnToolsVersion = 6.2;
					};
				};
			};
			buildConfigurationList = D60109F91CB81B2100A3B426 /* Build configuration list for PBXProject "basic" */;
			compatibilityVersion = "Xcode 3.2";
			developmentRegion = English;
			hasScannedForEncodings = 0;
			knownRegions = (
				en,
			);
			mainGroup = D60109F51CB81B2100A3B426;
			productRefGroup = D60109FF1CB81B2100A3B426 /* Products */;
			projectDirPath = "";
			projectRoot = "";
			targets = (
				D60109FD1CB81B2100A3B426 /* basic */,
			);
		};
/* End PBXProject section */

/* Begin PBXSourcesBuildPhase section */
		D60109FA1CB81B2100A3B426 /* Sources */ = {
			isa = PBXSourcesBuildPhase;
			buildActionMask = 2147483647;
			files = (
				D62239211CB968F50029BA45 /* cm_imgui.cpp in Sources */,
				D6218AA81D140D0B00481B0F /* gfx_ui.cpp in Sources */,
				D6010A4A1CB81B6900A3B426 /* cm_utils_osx.mm in Sources */,
				D6010A451CB81B6900A3B426 /* cm_geom.cpp in Sources */,
				D622391D1CB9681D0029BA45 /* main.cpp in Sources */,
				D6010A3E1CB81B6900A3B426 /* cm_imgui_app.cpp in Sources */,
				D6010A441CB81B6900A3B426 /* cm_epsfile.cpp in Sources */,
				D6218AAA1D140D0B00481B0F /* imgui_draw.cpp in Sources */,
				D6010A421CB81B6900A3B426 /* cm_params.cpp in Sources */,
				D6218AA91D140D0B00481B0F /* imgui_demo.cpp in Sources */,
				D6010A411CB81B6900A3B426 /* imgui.cpp in Sources */,
				D6010A431CB81B6900A3B426 /* tinyxml2.cpp in Sources */,
				D6010A621CB81FA000A3B426 /* clipper.cpp in Sources */,
				D6010A471CB81B6900A3B426 /* cm_math.cpp in Sources */,
				D6010A461CB81B6900A3B426 /* cm_gfx.cpp in Sources */,
				D6010A481CB81B6900A3B426 /* cm_utils.cpp in Sources */,
			);
			runOnlyForDeploymentPostprocessing = 0;
		};
/* End PBXSourcesBuildPhase section */

/* Begin XCBuildConfiguration section */
		D6010A031CB81B2100A3B426 /* Debug */ = {
			isa = XCBuildConfiguration;
			buildSettings = {
				ALWAYS_SEARCH_USER_PATHS = NO;
				CLANG_CXX_LANGUAGE_STANDARD = "gnu++0x";
				CLANG_CXX_LIBRARY = "libc++";
				CLANG_ENABLE_MODULES = YES;
				CLANG_ENABLE_OBJC_ARC = YES;
				CLANG_WARN_BOOL_CONVERSION = YES;
				CLANG_WARN_CONSTANT_CONVERSION = YES;
				CLANG_WARN_DIRECT_OBJC_ISA_USAGE = YES_ERROR;
				CLANG_WARN_EMPTY_BODY = YES;
				CLANG_WARN_ENUM_CONVERSION = YES;
				CLANG_WARN_INT_CONVERSION = YES;
				CLANG_WARN_OBJC_ROOT_CLASS = YES_ERROR;
				CLANG_WARN_UNREACHABLE_CODE = YES;
				CLANG_WARN__DUPLICATE_METHOD_MATCH = YES;
				COPY_PHASE_STRIP = NO;
				ENABLE_STRICT_OBJC_MSGSEND = YES;
				GCC_C_LANGUAGE_STANDARD = gnu99;
				GCC_DYNAMIC_NO_PIC = NO;
				GCC_OPTIMIZATION_LEVEL = 0;
				GCC_PREPROCESSOR_DEFINITIONS = (
					"DEBUG=1",
					"$(inherited)",
				);
				GCC_SYMBOLS_PRIVATE_EXTERN = NO;
				GCC_WARN_64_TO_32_BIT_CONVERSION = YES;
				GCC_WARN_ABOUT_RETURN_TYPE = YES_ERROR;
				GCC_WARN_UNDECLARED_SELECTOR = YES;
				GCC_WARN_UNINITIALIZED_AUTOS = YES_AGGRESSIVE;
				GCC_WARN_UNUSED_FUNCTION = YES;
				GCC_WARN_UNUSED_VARIABLE = YES;
				MACOSX_DEPLOYMENT_TARGET = 10.10;
				MTL_ENABLE_DEBUG_INFO = YES;
				ONLY_ACTIVE_ARCH = YES;
				SDKROOT = macosx;
			};
			name = Debug;
		};
		D6010A041CB81B2100A3B426 /* Release */ = {
			isa = XCBuildConfiguration;
			buildSettings = {
				ALWAYS_SEARCH_USER_PATHS = NO;
				CLANG_CXX_LANGUAGE_STANDARD = "gnu++0x";
				CLANG_CXX_LIBRARY = "libc++";
				CLANG_ENABLE_MODULES = YES;
				CLANG_ENABLE_OBJC_ARC = YES;
				CLANG_WARN_BOOL_CONVERSION = YES;
				CLANG_WARN_CONSTANT_CONVERSION = YES;
				CLANG_WARN_DIRECT_OBJC_ISA_USAGE = YES_ERROR;
				CLANG_WARN_EMPTY_BODY = YES;
				CLANG_WARN_ENUM_CONVERSION = YES;
				CLANG_WARN_INT_CONVERSION = YES;
				CLANG_WARN_OBJC_ROOT_CLASS = YES_ERROR;
				CLANG_WARN_UNREACHABLE_CODE = YES;
				CLANG_WARN__DUPLICATE_METHOD_MATCH = YES;
				COPY_PHASE_STRIP = NO;
				DEBUG_INFORMATION_FORMAT = "dwarf-with-dsym";
				ENABLE_NS_ASSERTIONS = NO;
				ENABLE_STRICT_OBJC_MSGSEND = YES;
				GCC_C_LANGUAGE_STANDARD = gnu99;
				GCC_WARN_64_TO_32_BIT_CONVERSION = YES;
				GCC_WARN_ABOUT_RETURN_TYPE = YES_ERROR;
				GCC_WARN_UNDECLARED_SELECTOR = YES;
				GCC_WARN_UNINITIALIZED_AUTOS = YES_AGGRESSIVE;
				GCC_WARN_UNUSED_FUNCTION = YES;
				GCC_WARN_UNUSED_VARIABLE = YES;
				MACOSX_DEPLOYMENT_TARGET = 10.10;
				MTL_ENABLE_DEBUG_INFO = NO;
				SDKROOT = macosx;
			};
			name = Release;
		};
		D6010A061CB81B2100A3B426 /* Debug */ = {
			isa = XCBuildConfiguration;
			buildSettings = {
				CLANG_CXX_LANGUAGE_STANDARD = "c++0x";
				DEBUG_INFORMATION_FORMAT = "dwarf-with-dsym";
				GCC_C_LANGUAGE_STANDARD = "compiler-default";
				HEADER_SEARCH_PATHS = (
					"$(inherited)",
					/Applications/Xcode.app/Contents/Developer/Toolchains/XcodeDefault.xctoolchain/usr/include,
					/usr/local/include,
				);
				LIBRARY_SEARCH_PATHS = (
					/usr/local/lib,
					/Users/colormotor/develop/autograff2/colormotor/libs/armadillo/lib/osx,
					/Users/colormotor/develop/autograff2/colormotor/libs/armadillo/lib/win32,
				);
				OTHER_LDFLAGS = (
					"-lopencv_core",
					"-lopencv_imgproc",
					"-lopencv_legacy",
					"-lopencv_highgui",
					"-larmadillo",
					"-llapack",
					"-lblas",
				);
				PRODUCT_NAME = basic;
				USER_HEADER_SEARCH_PATHS = "";
				VALID_ARCHS = x86_64;
			};
			name = Debug;
		};
		D6010A071CB81B2100A3B426 /* Release */ = {
			isa = XCBuildConfiguration;
			buildSettings = {
				CLANG_CXX_LANGUAGE_STANDARD = "c++0x";
				GCC_C_LANGUAGE_STANDARD = "compiler-default";
				HEADER_SEARCH_PATHS = (
					"$(inherited)",
					/Applications/Xcode.app/Contents/Developer/Toolchains/XcodeDefault.xctoolchain/usr/include,
					/usr/local/include,
				);
				LIBRARY_SEARCH_PATHS = (
					/usr/local/lib,
					/Users/colormotor/develop/autograff2/colormotor/libs/armadillo/lib/osx,
					/Users/colormotor/develop/autograff2/colormotor/libs/armadillo/lib/win32,
				);
				OTHER_LDFLAGS = (
					"-lopencv_core",
					"-lopencv_imgproc",
					"-lopencv_legacy",
					"-lopencv_highgui",
					"-larmadillo",
					"-llapack",
					"-lblas",
				);
				PRODUCT_NAME = basic;
				USER_HEADER_SEARCH_PATHS = "";
				VALID_ARCHS = x86_64;
			};
			name = Release;
		};
/* End XCBuildConfiguration section */

/* Begin XCConfigurationList section */
		D60109F91CB81B2100A3B426 /* Build configuration list for PBXProject "basic" */ = {
			isa = XCConfigurationList;
			buildConfigurations = (
				D6010A031CB81B2100A3B426 /* Debug */,
				D6010A041CB81B2100A3B426 /* Release */,
			);
			defaultConfigurationIsVisible = 0;
			defaultConfigurationName = Release;
		};
		D6010A051CB81B2100A3B426 /* Build configuration list for PBXNativeTarget "basic" */ = {
			isa = XCConfigurationList;
			buildConfigurations = (
				D6010A061CB81B2100A3B426 /* Debug */,
				D6010A071CB81B2100A3B426 /* Release */,
			);
			defaultConfigurationIsVisible = 0;
			defaultConfigurationName = Release;
		};
/* End XCConfigurationList section */
	};
	rootObject = D60109F61CB81B2100A3B426 /* Project object */;
}
